
Microsoft Visual Studio Solution File, Format Version 12.00
# Visual Studio 15
VisualStudioVersion = 15.0.28307.852
MinimumVisualStudioVersion = 10.0.40219.1
Project("{FAE04EC0-301F-11D3-BF4B-00C04F79EFBC}") = "MidiUtility", "MidiLooper\MidiUtility.csproj", "{9D4C43CD-DB4C-4EDB-96CC-A671C2595552}"
EndProject
Project("{FAE04EC0-301F-11D3-BF4B-00C04F79EFBC}") = "LooperTest", "LooperTest\LooperTest.csproj", "{2EBB43C1-4C59-44DE-8B8C-39C5C6D2464F}"
EndProject
Project("{FAE04EC0-301F-11D3-BF4B-00C04F79EFBC}") = "MidiSequencer", "WinLooper\MidiSequencer.csproj", "{BDC10675-4597-4101-A84B-DE500C391780}"
EndProject
Global
	GlobalSection(SolutionConfigurationPlatforms) = preSolution
		Debug|Any CPU = Debug|Any CPU
		Release|Any CPU = Release|Any CPU
	EndGlobalSection
	GlobalSection(ProjectConfigurationPlatforms) = postSolution
		{9D4C43CD-DB4C-4EDB-96CC-A671C2595552}.Debug|Any CPU.ActiveCfg = Debug|Any CPU
		{9D4C43CD-DB4C-4EDB-96CC-A671C2595552}.Debug|Any CPU.Build.0 = Debug|Any CPU
		{9D4C43CD-DB4C-4EDB-96CC-A671C2595552}.Release|Any CPU.ActiveCfg = Release|Any CPU
		{9D4C43CD-DB4C-4EDB-96CC-A671C2595552}.Release|Any CPU.Build.0 = Release|Any CPU
		{2EBB43C1-4C59-44DE-8B8C-39C5C6D2464F}.Debug|Any CPU.ActiveCfg = Debug|Any CPU
		{2EBB43C1-4C59-44DE-8B8C-39C5C6D2464F}.Debug|Any CPU.Build.0 = Debug|Any CPU
		{2EBB43C1-4C59-44DE-8B8C-39C5C6D2464F}.Release|Any CPU.ActiveCfg = Release|Any CPU
		{2EBB43C1-4C59-44DE-8B8C-39C5C6D2464F}.Release|Any CPU.Build.0 = Release|Any CPU
		{BDC10675-4597-4101-A84B-DE500C391780}.Debug|Any CPU.ActiveCfg = Debug|Any CPU
		{BDC10675-4597-4101-A84B-DE500C391780}.Debug|Any CPU.Build.0 = Debug|Any CPU
		{BDC10675-4597-4101-A84B-DE500C391780}.Release|Any CPU.ActiveCfg = Release|Any CPU
		{BDC10675-4597-4101-A84B-DE500C391780}.Release|Any CPU.Build.0 = Release|Any CPU
	EndGlobalSection
	GlobalSection(SolutionProperties) = preSolution
		HideSolutionNode = FALSE
	EndGlobalSection
	GlobalSection(ExtensibilityGlobals) = postSolution
		SolutionGuid = {A10F8091-5DE6-47A0-A83B-165727D3364E}
	EndGlobalSection
EndGlobal
